
Microsoft Visual Studio Solution File, Format Version 12.00
# Visual Studio Version 16
VisualStudioVersion = 16.0.29905.134
MinimumVisualStudioVersion = 10.0.40219.1
Project("{8BC9CEB8-8B4A-11D0-8D11-00A0C91BC942}") = "hw1", "hw1.vcxproj", "{87FC23ED-559D-4E88-B618-36C9894058F8}"
EndProject
Project("{2150E333-8FDC-42A3-9474-1A3956D46DE8}") = "Solution Items", "Solution Items", "{44517BC9-CFF4-4573-8BF7-3E36D2936D33}"
EndProject
Global
	GlobalSection(SolutionConfigurationPlatforms) = preSolution
		Debug|x64 = Debug|x64
		Debug|x86 = Debug|x86
		Release|x64 = Release|x64
		Release|x86 = Release|x86
	EndGlobalSection
	GlobalSection(ProjectConfigurationPlatforms) = postSolution
		{87FC23ED-559D-4E88-B618-36C9894058F8}.Debug|x64.ActiveCfg = Debug|x64
		{87FC23ED-559D-4E88-B618-36C9894058F8}.Debug|x64.Build.0 = Debug|x64
		{87FC23ED-559D-4E88-B618-36C9894058F8}.Debug|x86.ActiveCfg = Debug|Win32
		{87FC23ED-559D-4E88-B618-36C9894058F8}.Debug|x86.Build.0 = Debug|Win32
		{87FC23ED-559D-4E88-B618-36C9894058F8}.Release|x64.ActiveCfg = Release|x64
		{87FC23ED-559D-4E88-B618-36C9894058F8}.Release|x64.Build.0 = Release|x64
		{87FC23ED-559D-4E88-B618-36C9894058F8}.Release|x86.ActiveCfg = Release|Win32
		{87FC23ED-559D-4E88-B618-36C9894058F8}.Release|x86.Build.0 = Release|Win32
	EndGlobalSection
	GlobalSection(SolutionProperties) = preSolution
		HideSolutionNode = FALSE
	EndGlobalSection
	GlobalSection(ExtensibilityGlobals) = postSolution
		SolutionGuid = {304B5A29-81AB-4056-92A9-33FA999DE206}
	EndGlobalSection
EndGlobal
